{
  "version": "5",
  "specifiers": {
    "jsr:@std/assert@1": "1.0.19",
    "jsr:@std/internal@^1.0.12": "1.0.14"
  },
  "jsr": {
    "@std/assert@1.0.19": {
      "integrity": "eaada96ee120cb980bc47e040f82814d786fe8162ecc53c91d8df60b8755991e",
      "dependencies": [
        "jsr:@std/internal"
      ]
    },
    "@std/internal@1.0.14": {
      "integrity": "291516b3d4c35024d6ffbc0a9df5bf4c64116e05b50012cf846710152d2ffdf7"
    }
  },
  "workspace": {
    "packageJson": {
      "dependencies": [
        "npm:@dnd-kit/core@^6.1.0",
        "npm:@dnd-kit/sortable@8",
        "npm:@dnd-kit/utilities@^3.2.2",
        "npm:@eslint/js@^9.32.0",
        "npm:@supabase/supabase-js@^2.111.0",
        "npm:@tailwindcss/vite@^4.2.1",
        "npm:@types/node@^26.1.1",
        "npm:@types/react-dom@^19.2.0",
        "npm:@types/react@^19.2.0",
        "npm:@vitejs/plugin-react@^4.5.2",
        "npm:date-fns@^4.1.0",
        "npm:eslint-plugin-react-hooks@^5.2.0",
        "npm:eslint-plugin-react-refresh@~0.4.20",
        "npm:eslint@^9.32.0",
        "npm:globals@^15.15.0",
        "npm:jsdom@^26.1.0",
        "npm:lucide-react@0.575",
        "npm:playwright-core@^1.62.1",
        "npm:react-dom@^19.1.0",
        "npm:react-router-dom@7.18.2",
        "npm:react@^19.1.0",
        "npm:sonner@^2.0.7",
        "npm:tailwind-merge@^3.5.0",
        "npm:tailwindcss@^4.2.1",
        "npm:typescript-eslint@^8.56.1",
        "npm:typescript@^5.8.3",
        "npm:vite@^6.3.5",
        "npm:vitest@3.2.6"
      ]
    }
  }
}
